lockfileVersion: 5.4

specifiers:
  '@sveltejs/vite-plugin-svelte': ^2.0.2
  svelte: ^3.55.0
  svelte-routing: ^1.6.0
  sveltestrap: ^5.10.0
  typescript: ^4.9.4
  vite: ^4.0.4

dependencies:
  '@sveltejs/vite-plugin-svelte': 2.0.2_svelte@3.55.0+vite@4.0.4
  svelte: 3.55.0
  svelte-routing: 1.6.0_niwyv7xychq2ag6arq5eqxbomm
  sveltestrap: 5.10.0_svelte@3.55.0
  typescript: 4.9.4
  vite: 4.0.4

packages:

  /@esbuild/android-arm/0.16.15:
    resolution: {integrity: sha512-JsJtmadyWcR+DEtHLixM7bAQsfi1s0Xotv9kVOoXbCLyhKPOHvMEyh3kJBuTbCPSE4c2jQkQVmarwc9Mg9k3bA==}
    engines: {node: '>=12'}
    cpu: [arm]
    os: [android]
    requiresBuild: true
    dev: false
    optional: true

  /@esbuild/android-arm64/0.16.15:
    resolution: {integrity: sha512-OdbkUv7468dSsgoFtHIwTaYAuI5lDEv/v+dlfGBUbVa2xSDIIuSOHXawynw5N9+5lygo/JdXa5/sgGjiEU18gQ==}
    engines: {node: '>=12'}
    cpu: [arm64]
    os: [android]
    requiresBuild: true
    dev: false
    optional: true

  /@esbuild/android-x64/0.16.15:
    resolution: {integrity: sha512-dPUOBiNNWAm+/bxoA75o7R7qqqfcEzXaYlb5uJk2xGHmUMNKSAnDCtRYLgx9/wfE4sXyn8H948OrDyUAHhPOuA==}
    engines: {node: '>=12'}
    cpu: [x64]
    os: [android]
    requiresBuild: true
    dev: false
    optional: true

  /@esbuild/darwin-arm64/0.16.15:
    resolution: {integrity: sha512-AksarYV85Hxgwh5/zb6qGl4sYWxIXPQGBAZ+jUro1ZpINy3EWumK+/4DPOKUBPnsrOIvnNXy7Rq4mTeCsMQDNA==}
    engines: {node: '>=12'}
    cpu: [arm64]
    os: [darwin]
    requiresBuild: true
    dev: false
    optional: true

  /@esbuild/darwin-x64/0.16.15:
    resolution: {integrity: sha512-qqrKJxoohceZGGP+sZ5yXkzW9ZiyFZJ1gWSEfuYdOWzBSL18Uy3w7s/IvnDYHo++/cxwqM0ch3HQVReSZy7/4Q==}
    engines: {node: '>=12'}
    cpu: [x64]
    os: [darwin]
    requiresBuild: true
    dev: false
    optional: true

  /@esbuild/freebsd-arm64/0.16.15:
    resolution: {integrity: sha512-LBWaep6RvJm5KnsKkocdVEzuwnGMjz54fcRVZ9d3R7FSEWOtPBxMhuxeA1n98JVbCLMkTPFmKN6xSnfhnM9WXQ==}
    engines: {node: '>=12'}
    cpu: [arm64]
    os: [freebsd]
    requiresBuild: true
    dev: false
    optional: true

  /@esbuild/freebsd-x64/0.16.15:
    resolution: {integrity: sha512-LE8mKC6JPR04kPLRP9A6k7ZmG0k2aWF4ru79Sde6UeWCo7yDby5f48uJNFQ2pZqzUUkLrHL8xNdIHerJeZjHXg==}
    engines: {node: '>=12'}
    cpu: [x64]
    os: [freebsd]
    requiresBuild: true
    dev: false
    optional: true

  /@esbuild/linux-arm/0.16.15:
    resolution: {integrity: sha512-+1sGlqtMJTOnJUXwLUGnDhPaGRKqxT0UONtYacS+EjdDOrSgpQ/1gUXlnze45Z/BogwYaswQM19Gu1YD1T19/w==}
    engines: {node: '>=12'}
    cpu: [arm]
    os: [linux]
    requiresBuild: true
    dev: false
    optional: true

  /@esbuild/linux-arm64/0.16.15:
    resolution: {integrity: sha512-mRYpuQGbzY+XLczy3Sk7fMJ3DRKLGDIuvLKkkUkyecDGQMmil6K/xVKP9IpKO7JtNH477qAiMjjX7jfKae8t4g==}
    engines: {node: '>=12'}
    cpu: [arm64]
    os: [linux]
    requiresBuild: true
    dev: false
    optional: true

  /@esbuild/linux-ia32/0.16.15:
    resolution: {integrity: sha512-puXVFvY4m8EB6/fzu3LdgjiNnEZ3gZMSR7NmKoQe51l3hyQalvTjab3Dt7aX4qGf+8Pj7dsCOBNzNzkSlr/4Aw==}
    engines: {node: '>=12'}
    cpu: [ia32]
    os: [linux]
    requiresBuild: true
    dev: false
    optional: true

  /@esbuild/linux-loong64/0.16.15:
    resolution: {integrity: sha512-ATMGb3eg8T6ZTGZFldlGeFEcevBiVq6SBHvRAO04HMfUjZWneZ/U+JJb3YzlNZxuscJ4Tmzq+JrYxlk7ro4dRg==}
    engines: {node: '>=12'}
    cpu: [loong64]
    os: [linux]
    requiresBuild: true
    dev: false
    optional: true

  /@esbuild/linux-mips64el/0.16.15:
    resolution: {integrity: sha512-3SEA4L82OnoSATW+Ve8rPgLaKjC8WMt8fnx7De9kvi/NcVbkj8W+J7qnu/tK2P9pUPQP7Au/0sjPEqZtFeyKQQ==}
    engines: {node: '>=12'}
    cpu: [mips64el]
    os: [linux]
    requiresBuild: true
    dev: false
    optional: true

  /@esbuild/linux-ppc64/0.16.15:
    resolution: {integrity: sha512-8PgbeX+N6vmqeySzyxO0NyDOltCEW13OS5jUHTvCHmCgf4kNXZtAWJ+zEfJxjRGYhVezQ1FdIm7WfN1R27uOyg==}
    engines: {node: '>=12'}
    cpu: [ppc64]
    os: [linux]
    requiresBuild: true
    dev: false
    optional: true

  /@esbuild/linux-riscv64/0.16.15:
    resolution: {integrity: sha512-U+coqH+89vbPVoU30no1Fllrn6gvEeO5tfEArBhjYZ+dQ3Gv7ciQXYf5nrT1QdlIFwEjH4Is1U1iiaGWW+tGpQ==}
    engines: {node: '>=12'}
    cpu: [riscv64]
    os: [linux]
    requiresBuild: true
    dev: false
    optional: true

  /@esbuild/linux-s390x/0.16.15:
    resolution: {integrity: sha512-M0nKLFMdyFGBoitxG42kq6Xap0CPeDC6gfF9lg7ZejzGF6kqYUGT+pQGl2QCQoxJBeat/LzTma1hG8C3dq2ocg==}
    engines: {node: '>=12'}
    cpu: [s390x]
    os: [linux]
    requiresBuild: true
    dev: false
    optional: true

  /@esbuild/linux-x64/0.16.15:
    resolution: {integrity: sha512-t7/fOXBUKfigvhJLGKZ9TPHHgqNgpIpYaAbcXQk1X+fPeUG7x0tpAbXJ2wST9F/gJ02+CLETPMnhG7Tra2wqsQ==}
    engines: {node: '>=12'}
    cpu: [x64]
    os: [linux]
    requiresBuild: true
    dev: false
    optional: true

  /@esbuild/netbsd-x64/0.16.15:
    resolution: {integrity: sha512-0k0Nxi6DOJmTnLtKD/0rlyqOPpcqONXY53vpkoAsue8CfyhNPWtwzba1ICFNCfCY1dqL3Ho/xEzujJhmdXq1rg==}
    engines: {node: '>=12'}
    cpu: [x64]
    os: [netbsd]
    requiresBuild: true
    dev: false
    optional: true

  /@esbuild/openbsd-x64/0.16.15:
    resolution: {integrity: sha512-3SkckazfIbdSjsGpuIYT3d6n2Hx0tck3MS1yVsbahhWiLvdy4QozTpvlbjqO3GmvtvhxY4qdyhFOO2wiZKeTAQ==}
    engines: {node: '>=12'}
    cpu: [x64]
    os: [openbsd]
    requiresBuild: true
    dev: false
    optional: true

  /@esbuild/sunos-x64/0.16.15:
    resolution: {integrity: sha512-8PNvBC+O8X5EnyIGqE8St2bOjjrXMR17NOLenIrzolvwWnJXvwPo0tE/ahOeiAJmTOS/eAcN8b4LAZcn17Uj7w==}
    engines: {node: '>=12'}
    cpu: [x64]
    os: [sunos]
    requiresBuild: true
    dev: false
    optional: true

  /@esbuild/win32-arm64/0.16.15:
    resolution: {integrity: sha512-YPaSgm/mm7kNcATB53OxVGVfn6rDNbImTn330ZlF3hKej1e9ktCaljGjn2vH08z2dlHEf3kdt57tNjE6zs8SzA==}
    engines: {node: '>=12'}
    cpu: [arm64]
    os: [win32]
    requiresBuild: true
    dev: false
    optional: true

  /@esbuild/win32-ia32/0.16.15:
    resolution: {integrity: sha512-0movUXbSNrTeNf5ZXT0avklEvlJD0hNGZsrrXHfsp9z4tK5xC+apCqmUEZeE9mqrb84Z8XbgGr/MS9LqafTP2A==}
    engines: {node: '>=12'}
    cpu: [ia32]
    os: [win32]
    requiresBuild: true
    dev: false
    optional: true

  /@esbuild/win32-x64/0.16.15:
    resolution: {integrity: sha512-27h5GCcbfomVAqAnMJWvR1LqEY0dFqIq4vTe5nY3becnZNu0SX8F0+gTk3JPvgWQHzaGc6VkPzlOiMkdSUunUA==}
    engines: {node: '>=12'}
    cpu: [x64]
    os: [win32]
    requiresBuild: true
    dev: false
    optional: true

  /@jridgewell/sourcemap-codec/1.4.14:
    resolution: {integrity: sha512-XPSJHWmi394fuUuzDnGz1wiKqWfo1yXecHQMRf2l6hztTO+nPru658AyDngaBe7isIxEkRsPR3FZh+s7iVa4Uw==}
    dev: false

  /@popperjs/core/2.11.6:
    resolution: {integrity: sha512-50/17A98tWUfQ176raKiOGXuYpLyyVMkxxG6oylzL3BPOlA6ADGdK7EYunSa4I064xerltq9TGXs8HmOk5E+vw==}
    dev: false

  /@sveltejs/vite-plugin-svelte/2.0.2_svelte@3.55.0+vite@4.0.4:
    resolution: {integrity: sha512-xCEan0/NNpQuL0l5aS42FjwQ6wwskdxC3pW1OeFtEKNZwRg7Evro9lac9HesGP6TdFsTv2xMes5ASQVKbCacxg==}
    engines: {node: ^14.18.0 || >= 16}
    peerDependencies:
      svelte: ^3.54.0
      vite: ^4.0.0
    dependencies:
      debug: 4.3.4
      deepmerge: 4.2.2
      kleur: 4.1.5
      magic-string: 0.27.0
      svelte: 3.55.0
      svelte-hmr: 0.15.1_svelte@3.55.0
      vite: 4.0.4
      vitefu: 0.2.4_vite@4.0.4
    transitivePeerDependencies:
      - supports-color
    dev: false

  /debug/4.3.4:
    resolution: {integrity: sha512-PRWFHuSU3eDtQJPvnNY7Jcket1j0t5OuOsFzPPzsekD52Zl8qUfFIPEiswXqIvHWGVHOgX+7G/vCNNhehwxfkQ==}
    engines: {node: '>=6.0'}
    peerDependencies:
      supports-color: '*'
    peerDependenciesMeta:
      supports-color:
        optional: true
    dependencies:
      ms: 2.1.2
    dev: false

  /dedent-js/1.0.1:
    resolution: {integrity: sha512-OUepMozQULMLUmhxS95Vudo0jb0UchLimi3+pQ2plj61Fcy8axbP9hbiD4Sz6DPqn6XG3kfmziVfQ1rSys5AJQ==}
    dev: false

  /deepmerge/4.2.2:
    resolution: {integrity: sha512-FJ3UgI4gIl+PHZm53knsuSFpE+nESMr7M4v9QcgB7S63Kj/6WqMiFQJpBBYz1Pt+66bZpP3Q7Lye0Oo9MPKEdg==}
    engines: {node: '>=0.10.0'}
    dev: false

  /esbuild/0.16.15:
    resolution: {integrity: sha512-v+3ozjy9wyj8cOElzx3//Lsb4TCxPfZxRmdsfm0YaEkvZu7y6rKH7Zi1UpDx4JI7dSQui+U1Qxhfij9KBbHfrA==}
    engines: {node: '>=12'}
    hasBin: true
    requiresBuild: true
    optionalDependencies:
      '@esbuild/android-arm': 0.16.15
      '@esbuild/android-arm64': 0.16.15
      '@esbuild/android-x64': 0.16.15
      '@esbuild/darwin-arm64': 0.16.15
      '@esbuild/darwin-x64': 0.16.15
      '@esbuild/freebsd-arm64': 0.16.15
      '@esbuild/freebsd-x64': 0.16.15
      '@esbuild/linux-arm': 0.16.15
      '@esbuild/linux-arm64': 0.16.15
      '@esbuild/linux-ia32': 0.16.15
      '@esbuild/linux-loong64': 0.16.15
      '@esbuild/linux-mips64el': 0.16.15
      '@esbuild/linux-ppc64': 0.16.15
      '@esbuild/linux-riscv64': 0.16.15
      '@esbuild/linux-s390x': 0.16.15
      '@esbuild/linux-x64': 0.16.15
      '@esbuild/netbsd-x64': 0.16.15
      '@esbuild/openbsd-x64': 0.16.15
      '@esbuild/sunos-x64': 0.16.15
      '@esbuild/win32-arm64': 0.16.15
      '@esbuild/win32-ia32': 0.16.15
      '@esbuild/win32-x64': 0.16.15
    dev: false

  /fsevents/2.3.2:
    resolution: {integrity: sha512-xiqMQR4xAeHTuB9uWm+fFRcIOgKBMiOBP+eXiyT7jsgVCq1bkVygt00oASowB7EdtpOHaaPgKt812P9ab+DDKA==}
    engines: {node: ^8.16.0 || ^10.6.0 || >=11.0.0}
    os: [darwin]
    requiresBuild: true
    dev: false
    optional: true

  /function-bind/1.1.1:
    resolution: {integrity: sha512-yIovAzMX49sF8Yl58fSCWJ5svSLuaibPxXQJFLmBObTuCr0Mf1KiPopGM9NiFjiYBCbfaa2Fh6breQ6ANVTI0A==}
    dev: false

  /has/1.0.3:
    resolution: {integrity: sha512-f2dvO0VU6Oej7RkWJGrehjbzMAjFp5/VKPp5tTpWIV4JHHZK1/BxbFRtf/siA2SWTe09caDmVtYYzWEIbBS4zw==}
    engines: {node: '>= 0.4.0'}
    dependencies:
      function-bind: 1.1.1
    dev: false

  /is-core-module/2.11.0:
    resolution: {integrity: sha512-RRjxlvLDkD1YJwDbroBHMb+cukurkDWNyHx7D3oNB5x9rb5ogcksMC5wHCadcXoo67gVr/+3GFySh3134zi6rw==}
    dependencies:
      has: 1.0.3
    dev: false

  /kleur/4.1.5:
    resolution: {integrity: sha512-o+NO+8WrRiQEE4/7nwRJhN1HWpVmJm511pBHUxPLtp0BUISzlBplORYSmTclCnJvQq2tKu/sgl3xVpkc7ZWuQQ==}
    engines: {node: '>=6'}
    dev: false

  /lower-case/2.0.2:
    resolution: {integrity: sha512-7fm3l3NAF9WfN6W3JOmf5drwpVqX78JtoGJ3A6W0a6ZnldM41w2fV5D490psKFTpMds8TJse/eHLFFsNHHjHgg==}
    dependencies:
      tslib: 2.4.1
    dev: false

  /magic-string/0.27.0:
    resolution: {integrity: sha512-8UnnX2PeRAPZuN12svgR9j7M1uWMovg/CEnIwIG0LFkXSJJe4PdfUGiTGl8V9bsBHFUtfVINcSyYxd7q+kx9fA==}
    engines: {node: '>=12'}
    dependencies:
      '@jridgewell/sourcemap-codec': 1.4.14
    dev: false

  /ms/2.1.2:
    resolution: {integrity: sha512-sGkPx+VjMtmA6MX27oA4FBFELFCZZ4S4XqeGOXCv68tT+jb3vk/RyaKWP0PTKyWtmLSM0b+adUTEvbs1PEaH2w==}
    dev: false

  /nanoid/3.3.4:
    resolution: {integrity: sha512-MqBkQh/OHTS2egovRtLk45wEyNXwF+cokD+1YPf9u5VfJiRdAiRwB2froX5Co9Rh20xs4siNPm8naNotSD6RBw==}
    engines: {node: ^10 || ^12 || ^13.7 || ^14 || >=15.0.1}
    hasBin: true
    dev: false

  /no-case/3.0.4:
    resolution: {integrity: sha512-fgAN3jGAh+RoxUGZHTSOLJIqUc2wmoBwGR4tbpNAKmmovFoWq0OdRkb0VkldReO2a2iBT/OEulG9XSUc10r3zg==}
    dependencies:
      lower-case: 2.0.2
      tslib: 2.4.1
    dev: false

  /pascal-case/3.1.2:
    resolution: {integrity: sha512-uWlGT3YSnK9x3BQJaOdcZwrnV6hPpd8jFH1/ucpiLRPh/2zCVJKS19E4GvYHvaCcACn3foXZ0cLB9Wrx1KGe5g==}
    dependencies:
      no-case: 3.0.4
      tslib: 2.4.1
    dev: false

  /path-parse/1.0.7:
    resolution: {integrity: sha512-LDJzPVEEEPR+y48z93A0Ed0yXb8pAByGWo/k5YYdYgpY2/2EsOsksJrq7lOHxryrVOn1ejG6oAp8ahvOIQD8sw==}
    dev: false

  /picocolors/1.0.0:
    resolution: {integrity: sha512-1fygroTLlHu66zi26VoTDv8yRgm0Fccecssto+MhsZ0D/DGW2sm8E8AjW7NU5VVTRt5GxbeZ5qBuJr+HyLYkjQ==}
    dev: false

  /postcss/8.4.21:
    resolution: {integrity: sha512-tP7u/Sn/dVxK2NnruI4H9BG+x+Wxz6oeZ1cJ8P6G/PZY0IKk4k/63TDsQf2kQq3+qoJeLm2kIBUNlZe3zgb4Zg==}
    engines: {node: ^10 || ^12 || >=14}
    dependencies:
      nanoid: 3.3.4
      picocolors: 1.0.0
      source-map-js: 1.0.2
    dev: false

  /resolve/1.22.1:
    resolution: {integrity: sha512-nBpuuYuY5jFsli/JIs1oldw6fOQCBioohqWZg/2hiaOybXOft4lonv85uDOKXdf8rhyK159cxU5cDcK/NKk8zw==}
    hasBin: true
    dependencies:
      is-core-module: 2.11.0
      path-parse: 1.0.7
      supports-preserve-symlinks-flag: 1.0.0
    dev: false

  /rollup/3.9.1:
    resolution: {integrity: sha512-GswCYHXftN8ZKGVgQhTFUJB/NBXxrRGgO2NCy6E8s1rwEJ4Q9/VttNqcYfEvx4dTo4j58YqdC3OVztPzlKSX8w==}
    engines: {node: '>=14.18.0', npm: '>=8.0.0'}
    hasBin: true
    optionalDependencies:
      fsevents: 2.3.2
    dev: false

  /source-map-js/1.0.2:
    resolution: {integrity: sha512-R0XvVJ9WusLiqTCEiGCmICCMplcCkIwwR11mOSD9CR5u+IXYdiseeEuXCVAjS54zqwkLcPNnmU4OeJ6tUrWhDw==}
    engines: {node: '>=0.10.0'}
    dev: false

  /supports-preserve-symlinks-flag/1.0.0:
    resolution: {integrity: sha512-ot0WnXS9fgdkgIcePe6RHNk1WA8+muPa6cSjeR3V8K27q9BB1rTE3R1p7Hv0z1ZyAc8s6Vvv8DIyWf681MAt0w==}
    engines: {node: '>= 0.4'}
    dev: false

  /svelte-hmr/0.15.1_svelte@3.55.0:
    resolution: {integrity: sha512-BiKB4RZ8YSwRKCNVdNxK/GfY+r4Kjgp9jCLEy0DuqAKfmQtpL38cQK3afdpjw4sqSs4PLi3jIPJIFp259NkZtA==}
    engines: {node: ^12.20 || ^14.13.1 || >= 16}
    peerDependencies:
      svelte: '>=3.19.0'
    dependencies:
      svelte: 3.55.0
    dev: false

  /svelte-routing/1.6.0_niwyv7xychq2ag6arq5eqxbomm:
    resolution: {integrity: sha512-+DbrSGttLA6lan7oWFz1MjyGabdn3tPRqn8Osyc471ut2UgCrzM5x1qViNMc2gahOP6fKbKK1aNtZMJEQP2vHQ==}
    peerDependencies:
      svelte: ^3.20.x
    dependencies:
      svelte: 3.55.0
      svelte2tsx: 0.1.193_niwyv7xychq2ag6arq5eqxbomm
    transitivePeerDependencies:
      - typescript
    dev: false

  /svelte/3.55.0:
    resolution: {integrity: sha512-uGu2FVMlOuey4JoKHKrpZFkoYyj0VLjJdz47zX5+gVK5odxHM40RVhar9/iK2YFRVxvfg9FkhfVlR0sjeIrOiA==}
    engines: {node: '>= 8'}
    dev: false

  /svelte2tsx/0.1.193_niwyv7xychq2ag6arq5eqxbomm:
    resolution: {integrity: sha512-vzy4YQNYDnoqp2iZPnJy7kpPAY6y121L0HKrSBjU/IWW7DQ6T7RMJed2VVHFmVYm0zAGYMDl9urPc6R4DDUyhg==}
    peerDependencies:
      svelte: ^3.24
      typescript: ^4.1.2
    dependencies:
      dedent-js: 1.0.1
      pascal-case: 3.1.2
      svelte: 3.55.0
      typescript: 4.9.4
    dev: false

  /sveltestrap/5.10.0_svelte@3.55.0:
    resolution: {integrity: sha512-k6Ob+6G2AMYvBidXHBKM9W28fJqFHbmosqCe/NC8pv6TV7K+v47Yw+zmnLWkjqCzzmjkSLkL48SrHZrlWc9mYQ==}
    peerDependencies:
      svelte: ^3.29.0
    dependencies:
      '@popperjs/core': 2.11.6
      svelte: 3.55.0
    dev: false

  /tslib/2.4.1:
    resolution: {integrity: sha512-tGyy4dAjRIEwI7BzsB0lynWgOpfqjUdq91XXAlIWD2OwKBH7oCl/GZG/HT4BOHrTlPMOASlMQ7veyTqpmRcrNA==}
    dev: false

  /typescript/4.9.4:
    resolution: {integrity: sha512-Uz+dTXYzxXXbsFpM86Wh3dKCxrQqUcVMxwU54orwlJjOpO3ao8L7j5lH+dWfTwgCwIuM9GQ2kvVotzYJMXTBZg==}
    engines: {node: '>=4.2.0'}
    hasBin: true
    dev: false

  /vite/4.0.4:
    resolution: {integrity: sha512-xevPU7M8FU0i/80DMR+YhgrzR5KS2ORy1B4xcX/cXLsvnUWvfHuqMmVU6N0YiJ4JWGRJJsLCgjEzKjG9/GKoSw==}
    engines: {node: ^14.18.0 || >=16.0.0}
    hasBin: true
    peerDependencies:
      '@types/node': '>= 14'
      less: '*'
      sass: '*'
      stylus: '*'
      sugarss: '*'
      terser: ^5.4.0
    peerDependenciesMeta:
      '@types/node':
        optional: true
      less:
        optional: true
      sass:
        optional: true
      stylus:
        optional: true
      sugarss:
        optional: true
      terser:
        optional: true
    dependencies:
      esbuild: 0.16.15
      postcss: 8.4.21
      resolve: 1.22.1
      rollup: 3.9.1
    optionalDependencies:
      fsevents: 2.3.2
    dev: false

  /vitefu/0.2.4_vite@4.0.4:
    resolution: {integrity: sha512-fanAXjSaf9xXtOOeno8wZXIhgia+CZury481LsDaV++lSvcU2R9Ch2bPh3PYFyoHW+w9LqAeYRISVQjUIew14g==}
    peerDependencies:
      vite: ^3.0.0 || ^4.0.0
    peerDependenciesMeta:
      vite:
        optional: true
    dependencies:
      vite: 4.0.4
    dev: false
